
Microsoft Visual Studio Solution File, Format Version 12.00
# Visual Studio Version 16
VisualStudioVersion = 16.0.30907.101
MinimumVisualStudioVersion = 10.0.40219.1
Project("{9A19103F-16F7-4668-BE54-9A1E7A4F7556}") = "VegyesBolt.Data", "VegyesBolt.Data\VegyesBolt.Data.csproj", "{47D1DDA6-7ED1-4A02-8102-396F2A5E2DB9}"
EndProject
Project("{9A19103F-16F7-4668-BE54-9A1E7A4F7556}") = "VegyesBolt.Repository", "VegyesBolt.Repository\VegyesBolt.Repository.csproj", "{FDEA8C25-A479-4A7F-A808-779A83AA567C}"
EndProject
Project("{9A19103F-16F7-4668-BE54-9A1E7A4F7556}") = "VegyesBolt.Logic", "VegyesBolt.Logic\VegyesBolt.Logic.csproj", "{E8932111-5BD9-4432-9730-9E7EE0F73E16}"
EndProject
Project("{2150E333-8FDC-42A3-9474-1A3956D46DE8}") = "Solution Items", "Solution Items", "{F3805604-A234-4F75-BA46-BB131AA9C02B}"
	ProjectSection(SolutionItems) = preProject
		stylecop.json = stylecop.json
		TODO.txt = TODO.txt
	EndProjectSection
EndProject
Project("{9A19103F-16F7-4668-BE54-9A1E7A4F7556}") = "VegyesBolt.UI", "VegyesBolt.UI\VegyesBolt.UI.csproj", "{B0A00208-A9E5-4486-B97C-DD87810E6F1B}"
EndProject
Project("{FAE04EC0-301F-11D3-BF4B-00C04F79EFBC}") = "Vegyesbolt.MVC", "Vegyesbolt.MVC\Vegyesbolt.MVC.csproj", "{D00B7A16-7C4D-46CB-AA0A-FB4A5F4C9C96}"
EndProject
Global
	GlobalSection(SolutionConfigurationPlatforms) = preSolution
		Debug|Any CPU = Debug|Any CPU
		Release|Any CPU = Release|Any CPU
	EndGlobalSection
	GlobalSection(ProjectConfigurationPlatforms) = postSolution
		{47D1DDA6-7ED1-4A02-8102-396F2A5E2DB9}.Debug|Any CPU.ActiveCfg = Debug|Any CPU
		{47D1DDA6-7ED1-4A02-8102-396F2A5E2DB9}.Debug|Any CPU.Build.0 = Debug|Any CPU
		{47D1DDA6-7ED1-4A02-8102-396F2A5E2DB9}.Release|Any CPU.ActiveCfg = Release|Any CPU
		{47D1DDA6-7ED1-4A02-8102-396F2A5E2DB9}.Release|Any CPU.Build.0 = Release|Any CPU
		{FDEA8C25-A479-4A7F-A808-779A83AA567C}.Debug|Any CPU.ActiveCfg = Debug|Any CPU
		{FDEA8C25-A479-4A7F-A808-779A83AA567C}.Debug|Any CPU.Build.0 = Debug|Any CPU
		{FDEA8C25-A479-4A7F-A808-779A83AA567C}.Release|Any CPU.ActiveCfg = Release|Any CPU
		{FDEA8C25-A479-4A7F-A808-779A83AA567C}.Release|Any CPU.Build.0 = Release|Any CPU
		{E8932111-5BD9-4432-9730-9E7EE0F73E16}.Debug|Any CPU.ActiveCfg = Debug|Any CPU
		{E8932111-5BD9-4432-9730-9E7EE0F73E16}.Debug|Any CPU.Build.0 = Debug|Any CPU
		{E8932111-5BD9-4432-9730-9E7EE0F73E16}.Release|Any CPU.ActiveCfg = Release|Any CPU
		{E8932111-5BD9-4432-9730-9E7EE0F73E16}.Release|Any CPU.Build.0 = Release|Any CPU
		{B0A00208-A9E5-4486-B97C-DD87810E6F1B}.Debug|Any CPU.ActiveCfg = Debug|Any CPU
		{B0A00208-A9E5-4486-B97C-DD87810E6F1B}.Debug|Any CPU.Build.0 = Debug|Any CPU
		{B0A00208-A9E5-4486-B97C-DD87810E6F1B}.Release|Any CPU.ActiveCfg = Release|Any CPU
		{B0A00208-A9E5-4486-B97C-DD87810E6F1B}.Release|Any CPU.Build.0 = Release|Any CPU
		{D00B7A16-7C4D-46CB-AA0A-FB4A5F4C9C96}.Debug|Any CPU.ActiveCfg = Debug|Any CPU
		{D00B7A16-7C4D-46CB-AA0A-FB4A5F4C9C96}.Debug|Any CPU.Build.0 = Debug|Any CPU
		{D00B7A16-7C4D-46CB-AA0A-FB4A5F4C9C96}.Release|Any CPU.ActiveCfg = Release|Any CPU
		{D00B7A16-7C4D-46CB-AA0A-FB4A5F4C9C96}.Release|Any CPU.Build.0 = Release|Any CPU
	EndGlobalSection
	GlobalSection(SolutionProperties) = preSolution
		HideSolutionNode = FALSE
	EndGlobalSection
	GlobalSection(ExtensibilityGlobals) = postSolution
		SolutionGuid = {75331614-C4AE-4BFA-B26E-C4364968C3BA}
	EndGlobalSection
EndGlobal
